
Microsoft Visual Studio Solution File, Format Version 11.00
# Visual Studio 2010
Project("{FAE04EC0-301F-11D3-BF4B-00C04F79EFBC}") = "Assembly-CSharp", "Assembly-CSharp.csproj", "{e7315a35-49b1-d92c-462e-7e8561f0dd6a}"
EndProject
Project("{FAE04EC0-301F-11D3-BF4B-00C04F79EFBC}") = "Assembly-CSharp-Editor", "Assembly-CSharp-Editor.csproj", "{20e8385f-d91c-18e3-ef24-96349cf56fd1}"
EndProject
Global
	GlobalSection(SolutionConfigurationPlatforms) = preSolution
		Debug|Any CPU = Debug|Any CPU
		Release|Any CPU = Release|Any CPU
	EndGlobalSection
	GlobalSection(ProjectConfigurationPlatforms) = postSolution
		{e7315a35-49b1-d92c-462e-7e8561f0dd6a}.Debug|Any CPU.ActiveCfg = Debug|Any CPU
		{e7315a35-49b1-d92c-462e-7e8561f0dd6a}.Debug|Any CPU.Build.0 = Debug|Any CPU
		{e7315a35-49b1-d92c-462e-7e8561f0dd6a}.Release|Any CPU.ActiveCfg = Release|Any CPU
		{e7315a35-49b1-d92c-462e-7e8561f0dd6a}.Release|Any CPU.Build.0 = Release|Any CPU
		{20e8385f-d91c-18e3-ef24-96349cf56fd1}.Debug|Any CPU.ActiveCfg = Debug|Any CPU
		{20e8385f-d91c-18e3-ef24-96349cf56fd1}.Debug|Any CPU.Build.0 = Debug|Any CPU
		{20e8385f-d91c-18e3-ef24-96349cf56fd1}.Release|Any CPU.ActiveCfg = Release|Any CPU
		{20e8385f-d91c-18e3-ef24-96349cf56fd1}.Release|Any CPU.Build.0 = Release|Any CPU
	EndGlobalSection
	GlobalSection(SolutionProperties) = preSolution
		HideSolutionNode = FALSE
	EndGlobalSection
EndGlobal
