
Microsoft Visual Studio Solution File, Format Version 11.00
# Visual Studio 2010
Project("{FAE04EC0-301F-11D3-BF4B-00C04F79EFBC}") = "Assembly-CSharp", "Assembly-CSharp.csproj", "{355A31E7-B149-2CD9-462E-7E8561F0DD6A}"
EndProject
Project("{FAE04EC0-301F-11D3-BF4B-00C04F79EFBC}") = "Assembly-CSharp-Editor", "Assembly-CSharp-Editor.csproj", "{5F38E820-1CD9-E318-EF24-96349CF56FD1}"
EndProject
Global
	GlobalSection(SolutionConfigurationPlatforms) = preSolution
		Debug|Any CPU = Debug|Any CPU
		Release|Any CPU = Release|Any CPU
	EndGlobalSection
	GlobalSection(ProjectConfigurationPlatforms) = postSolution
		{355A31E7-B149-2CD9-462E-7E8561F0DD6A}.Debug|Any CPU.ActiveCfg = Debug|Any CPU
		{355A31E7-B149-2CD9-462E-7E8561F0DD6A}.Debug|Any CPU.Build.0 = Debug|Any CPU
		{355A31E7-B149-2CD9-462E-7E8561F0DD6A}.Release|Any CPU.ActiveCfg = Release|Any CPU
		{355A31E7-B149-2CD9-462E-7E8561F0DD6A}.Release|Any CPU.Build.0 = Release|Any CPU
		{5F38E820-1CD9-E318-EF24-96349CF56FD1}.Debug|Any CPU.ActiveCfg = Debug|Any CPU
		{5F38E820-1CD9-E318-EF24-96349CF56FD1}.Debug|Any CPU.Build.0 = Debug|Any CPU
		{5F38E820-1CD9-E318-EF24-96349CF56FD1}.Release|Any CPU.ActiveCfg = Release|Any CPU
		{5F38E820-1CD9-E318-EF24-96349CF56FD1}.Release|Any CPU.Build.0 = Release|Any CPU
	EndGlobalSection
	GlobalSection(SolutionProperties) = preSolution
		HideSolutionNode = FALSE
	EndGlobalSection
EndGlobal
